{
  "version": 4,
  "terraform_version": "1.2.9",
  "serial": 115,
  "lineage": "b7f08c57-a04e-2b23-6c26-c6d09c235a95",
  "outputs": {
    "external_ip_address_vm-1": {
      "value": "51.250.79.233",
      "type": "string"
    },
    "external_ip_address_vm-2": {
      "value": "84.252.142.191",
      "type": "string"
    },
    "internal_ip_address_vm-1": {
      "value": "192.168.10.21",
      "type": "string"
    },
    "internal_ip_address_vm-2": {
      "value": "192.168.11.13",
      "type": "string"
    }
  },
  "resources": [
    {
      "mode": "data",
      "type": "yandex_compute_image",
      "name": "my_image",
      "provider": "provider[\"registry.terraform.io/yandex-cloud/yandex\"]",
      "instances": [
        {
          "schema_version": 0,
          "attributes": {
            "created_at": "2022-06-20T10:43:03Z",
            "description": "LEMP",
            "family": "lemp",
            "folder_id": "standard-images",
            "id": "fd8lur056bsfs83gfnvm",
            "image_id": "fd8lur056bsfs83gfnvm",
            "labels": {},
            "min_disk_size": 3,
            "name": "lemp-v20220620",
            "os_type": "linux",
            "pooled": true,
            "product_ids": [
              "f2ec3jc5n293i5q2fkra",
              "f2el8bvfossqruqgt6sb"
            ],
            "size": 2,
            "status": "ready"
          },
          "sensitive_attributes": []
        }
      ]
    },
    {
      "mode": "data",
      "type": "yandex_compute_image",
      "name": "my_image_2",
      "provider": "provider[\"registry.terraform.io/yandex-cloud/yandex\"]",
      "instances": [
        {
          "schema_version": 0,
          "attributes": {
            "created_at": "2022-09-05T10:46:05Z",
            "description": "LAMP",
            "family": "lamp",
            "folder_id": "standard-images",
            "id": "fd8pud26a17jdkbf9ecb",
            "image_id": "fd8pud26a17jdkbf9ecb",
            "labels": {},
            "min_disk_size": 3,
            "name": "lamp-v20220905",
            "os_type": "linux",
            "pooled": true,
            "product_ids": [
              "f2e82m62kd032hrqpvkk",
              "f2env04lup1ac371q0cv"
            ],
            "size": 2,
            "status": "ready"
          },
          "sensitive_attributes": []
        }
      ]
    },
    {
      "mode": "managed",
      "type": "yandex_compute_instance",
      "name": "vm-1",
      "provider": "provider[\"registry.terraform.io/yandex-cloud/yandex\"]",
      "instances": [
        {
          "schema_version": 1,
          "attributes": {
            "allow_recreate": null,
            "allow_stopping_for_update": null,
            "boot_disk": [
              {
                "auto_delete": true,
                "device_name": "fhmhil04bae0s6ktme62",
                "disk_id": "fhmhil04bae0s6ktme62",
                "initialize_params": [
                  {
                    "block_size": 4096,
                    "description": "",
                    "image_id": "fd8lur056bsfs83gfnvm",
                    "name": "",
                    "size": 3,
                    "snapshot_id": "",
                    "type": "network-hdd"
                  }
                ],
                "mode": "READ_WRITE"
              }
            ],
            "created_at": "2022-09-11T11:34:41Z",
            "description": "",
            "folder_id": "b1gpp42islv8uuj99dr0",
            "fqdn": "fhm9jmp5lgang3sft0fi.auto.internal",
            "hostname": "",
            "id": "fhm9jmp5lgang3sft0fi",
            "labels": {},
            "local_disk": [],
            "metadata": {
              "ssh-keys": "ubuntu:ssh-rsa AAAAB3NzaC1yc2EAAAADAQABAAABAQDZ9mpwO2VXnDMQOwr3dSaVUE80VVCHYgF/diAWI/YeTrR+hUFe1uTXNYkXOxJII8+x4rgmccnOPpPF+vN9VcQsQ6/mnVr0HDCKgeSXXX+IrBUYd9HH4Z9KGuuTTmGDnMYMg8mM8gomv5JeKb/nv9VM15RWrTd9DZqJvHJ7XO3sbDSs2I/GZTjRhk7+fmbvFBhpt2WHT9efJqT6J7u+INFv3D2M9//5+4E0BXbjJ0ztn+8cABLnA/nO9nRjuXL0R4/HoRilHLSMC5c4oBVYcAFzb6OCGVEaOo+hhGAoxHy/cd5/wrOUEqCkEA9bjHL5QVdRwNEmyZbpp3EeaUKSfREF eugene@sss-it\n"
            },
            "name": "terraform1",
            "network_acceleration_type": "standard",
            "network_interface": [
              {
                "dns_record": [],
                "index": 0,
                "ip_address": "192.168.10.21",
                "ipv4": true,
                "ipv6": false,
                "ipv6_address": "",
                "ipv6_dns_record": [],
                "mac_address": "d0:0d:99:db:25:ac",
                "nat": true,
                "nat_dns_record": [],
                "nat_ip_address": "51.250.79.233",
                "nat_ip_version": "IPV4",
                "security_group_ids": [],
                "subnet_id": "e9b5ltalpr1mcui58ulc"
              }
            ],
            "placement_policy": [
              {
                "host_affinity_rules": [],
                "placement_group_id": ""
              }
            ],
            "platform_id": "standard-v1",
            "resources": [
              {
                "core_fraction": 100,
                "cores": 2,
                "gpus": 0,
                "memory": 2
              }
            ],
            "scheduling_policy": [
              {
                "preemptible": false
              }
            ],
            "secondary_disk": [],
            "service_account_id": "",
            "status": "running",
            "timeouts": null,
            "zone": "ru-central1-a"
          },
          "sensitive_attributes": [],
          "private": "eyJlMmJmYjczMC1lY2FhLTExZTYtOGY4OC0zNDM2M2JjN2M0YzAiOnsiY3JlYXRlIjozMDAwMDAwMDAwMDAsImRlbGV0ZSI6MzAwMDAwMDAwMDAwLCJ1cGRhdGUiOjMwMDAwMDAwMDAwMH0sInNjaGVtYV92ZXJzaW9uIjoiMSJ9",
          "dependencies": [
            "data.yandex_compute_image.my_image",
            "yandex_vpc_network.network-1",
            "yandex_vpc_subnet.subnet-1"
          ]
        }
      ]
    },
    {
      "mode": "managed",
      "type": "yandex_compute_instance",
      "name": "vm-2",
      "provider": "provider[\"registry.terraform.io/yandex-cloud/yandex\"]",
      "instances": [
        {
          "schema_version": 1,
          "attributes": {
            "allow_recreate": null,
            "allow_stopping_for_update": null,
            "boot_disk": [
              {
                "auto_delete": true,
                "device_name": "epddpkag6fsvjecfd843",
                "disk_id": "epddpkag6fsvjecfd843",
                "initialize_params": [
                  {
                    "block_size": 4096,
                    "description": "",
                    "image_id": "fd8pud26a17jdkbf9ecb",
                    "name": "",
                    "size": 3,
                    "snapshot_id": "",
                    "type": "network-hdd"
                  }
                ],
                "mode": "READ_WRITE"
              }
            ],
            "created_at": "2022-09-11T12:56:23Z",
            "description": "",
            "folder_id": "b1gpp42islv8uuj99dr0",
            "fqdn": "epdojudu387bkkju739f.auto.internal",
            "hostname": "",
            "id": "epdojudu387bkkju739f",
            "labels": null,
            "local_disk": [],
            "metadata": {
              "ssh-keys": "ubuntu:ssh-rsa AAAAB3NzaC1yc2EAAAADAQABAAABAQDZ9mpwO2VXnDMQOwr3dSaVUE80VVCHYgF/diAWI/YeTrR+hUFe1uTXNYkXOxJII8+x4rgmccnOPpPF+vN9VcQsQ6/mnVr0HDCKgeSXXX+IrBUYd9HH4Z9KGuuTTmGDnMYMg8mM8gomv5JeKb/nv9VM15RWrTd9DZqJvHJ7XO3sbDSs2I/GZTjRhk7+fmbvFBhpt2WHT9efJqT6J7u+INFv3D2M9//5+4E0BXbjJ0ztn+8cABLnA/nO9nRjuXL0R4/HoRilHLSMC5c4oBVYcAFzb6OCGVEaOo+hhGAoxHy/cd5/wrOUEqCkEA9bjHL5QVdRwNEmyZbpp3EeaUKSfREF eugene@sss-it\n"
            },
            "name": "terraform2",
            "network_acceleration_type": "standard",
            "network_interface": [
              {
                "dns_record": [],
                "index": 0,
                "ip_address": "192.168.11.13",
                "ipv4": true,
                "ipv6": false,
                "ipv6_address": "",
                "ipv6_dns_record": [],
                "mac_address": "d0:0d:18:9f:9b:e1",
                "nat": true,
                "nat_dns_record": [],
                "nat_ip_address": "84.252.142.191",
                "nat_ip_version": "IPV4",
                "security_group_ids": [],
                "subnet_id": "e2l9an5fv9alom4rninu"
              }
            ],
            "placement_policy": [
              {
                "host_affinity_rules": [],
                "placement_group_id": ""
              }
            ],
            "platform_id": "standard-v1",
            "resources": [
              {
                "core_fraction": 100,
                "cores": 2,
                "gpus": 0,
                "memory": 2
              }
            ],
            "scheduling_policy": [
              {
                "preemptible": false
              }
            ],
            "secondary_disk": [],
            "service_account_id": "",
            "status": "running",
            "timeouts": null,
            "zone": "ru-central1-b"
          },
          "sensitive_attributes": [],
          "private": "eyJlMmJmYjczMC1lY2FhLTExZTYtOGY4OC0zNDM2M2JjN2M0YzAiOnsiY3JlYXRlIjozMDAwMDAwMDAwMDAsImRlbGV0ZSI6MzAwMDAwMDAwMDAwLCJ1cGRhdGUiOjMwMDAwMDAwMDAwMH0sInNjaGVtYV92ZXJzaW9uIjoiMSJ9",
          "dependencies": [
            "data.yandex_compute_image.my_image_2",
            "yandex_vpc_subnet.subnet-2"
          ]
        }
      ]
    },
    {
      "mode": "managed",
      "type": "yandex_vpc_network",
      "name": "network-1",
      "provider": "provider[\"registry.terraform.io/yandex-cloud/yandex\"]",
      "instances": [
        {
          "schema_version": 0,
          "attributes": {
            "created_at": "2022-09-09T12:39:20Z",
            "default_security_group_id": "",
            "description": "",
            "folder_id": "b1gpp42islv8uuj99dr0",
            "id": "enpu7hacnarjind8okcu",
            "labels": {},
            "name": "network1",
            "subnet_ids": [
              "e2l9an5fv9alom4rninu",
              "e9b5ltalpr1mcui58ulc"
            ],
            "timeouts": null
          },
          "sensitive_attributes": [],
          "private": "eyJlMmJmYjczMC1lY2FhLTExZTYtOGY4OC0zNDM2M2JjN2M0YzAiOnsiY3JlYXRlIjo2MDAwMDAwMDAwMCwiZGVsZXRlIjo2MDAwMDAwMDAwMCwidXBkYXRlIjo2MDAwMDAwMDAwMH19"
        }
      ]
    },
    {
      "mode": "managed",
      "type": "yandex_vpc_subnet",
      "name": "subnet-1",
      "provider": "provider[\"registry.terraform.io/yandex-cloud/yandex\"]",
      "instances": [
        {
          "schema_version": 0,
          "attributes": {
            "created_at": "2022-09-11T11:34:39Z",
            "description": "",
            "dhcp_options": [],
            "folder_id": "b1gpp42islv8uuj99dr0",
            "id": "e9b5ltalpr1mcui58ulc",
            "labels": {},
            "name": "subnet1",
            "network_id": "enpu7hacnarjind8okcu",
            "route_table_id": "",
            "timeouts": null,
            "v4_cidr_blocks": [
              "192.168.10.0/24"
            ],
            "v6_cidr_blocks": [],
            "zone": "ru-central1-a"
          },
          "sensitive_attributes": [],
          "private": "eyJlMmJmYjczMC1lY2FhLTExZTYtOGY4OC0zNDM2M2JjN2M0YzAiOnsiY3JlYXRlIjoxODAwMDAwMDAwMDAsImRlbGV0ZSI6MTgwMDAwMDAwMDAwLCJ1cGRhdGUiOjE4MDAwMDAwMDAwMH19",
          "dependencies": [
            "yandex_vpc_network.network-1"
          ]
        }
      ]
    },
    {
      "mode": "managed",
      "type": "yandex_vpc_subnet",
      "name": "subnet-2",
      "provider": "provider[\"registry.terraform.io/yandex-cloud/yandex\"]",
      "instances": [
        {
          "schema_version": 0,
          "attributes": {
            "created_at": "2022-09-11T12:51:52Z",
            "description": "",
            "dhcp_options": [],
            "folder_id": "b1gpp42islv8uuj99dr0",
            "id": "e2l9an5fv9alom4rninu",
            "labels": {},
            "name": "subnet2",
            "network_id": "enpu7hacnarjind8okcu",
            "route_table_id": "",
            "timeouts": null,
            "v4_cidr_blocks": [
              "192.168.11.0/24"
            ],
            "v6_cidr_blocks": [],
            "zone": "ru-central1-b"
          },
          "sensitive_attributes": [],
          "private": "eyJlMmJmYjczMC1lY2FhLTExZTYtOGY4OC0zNDM2M2JjN2M0YzAiOnsiY3JlYXRlIjoxODAwMDAwMDAwMDAsImRlbGV0ZSI6MTgwMDAwMDAwMDAwLCJ1cGRhdGUiOjE4MDAwMDAwMDAwMH19",
          "dependencies": [
            "yandex_vpc_network.network-1"
          ]
        }
      ]
    }
  ]
}
